{
  "name": "generator-simple-redux",
  "version": "1.0.0",
  "lockfileVersion": 1,
  "requires": true,
  "dependencies": {
    "asap": {
      "version": "2.0.6",
      "resolved": "https://registry.npmjs.org/asap/-/asap-2.0.6.tgz",
      "integrity": "sha1-5QNHYR1+aQlDIIu9r+vLwvuGbUY="
    },
    "core-js": {
      "version": "1.2.7",
      "resolved": "https://registry.npmjs.org/core-js/-/core-js-1.2.7.tgz",
      "integrity": "sha1-ZSKUwUZR2yj6k70tX/KYOk8IxjY="
    },
    "fbjs": {
      "version": "0.2.1",
      "resolved": "https://registry.npmjs.org/fbjs/-/fbjs-0.2.1.tgz",
      "integrity": "sha1-YiBhYwpD4R+EUBe5BEqqZI7T9zE=",
      "requires": {
        "core-js": "1.2.7",
        "promise": "7.3.1",
        "whatwg-fetch": "0.9.0"
      }
    },
    "promise": {
      "version": "7.3.1",
      "resolved": "https://registry.npmjs.org/promise/-/promise-7.3.1.tgz",
      "integrity": "sha512-nolQXZ/4L+bP/UGlkfaIujX9BKxGwmQ9OT4mOt5yvy8iK1h3wqTEJCijzGANTCCl9nWjY41juyAn2K3Q1hLLTg==",
      "requires": {
        "asap": "2.0.6"
      }
    },
    "react-image-viewer": {
      "version": "0.1.0",
      "resolved": "https://registry.npmjs.org/react-image-viewer/-/react-image-viewer-0.1.0.tgz",
      "integrity": "sha1-EVvYS9nK98n4x22R+9W6byT1LzI=",
      "requires": {
        "react-style-proptype": "1.4.0",
        "react-tap-event-plugin": "1.0.0"
      }
    },
    "react-popup": {
      "version": "0.8.0",
      "resolved": "https://registry.npmjs.org/react-popup/-/react-popup-0.8.0.tgz",
      "integrity": "sha1-6o8+XwCbC7W0HEcdn9dA3ownjNc="
    },
    "react-style-proptype": {
      "version": "1.4.0",
      "resolved": "https://registry.npmjs.org/react-style-proptype/-/react-style-proptype-1.4.0.tgz",
      "integrity": "sha1-2CxAk7c3Z+PvqsugE86iKlDnte4="
    },
    "react-tap-event-plugin": {
      "version": "1.0.0",
      "resolved": "https://registry.npmjs.org/react-tap-event-plugin/-/react-tap-event-plugin-1.0.0.tgz",
      "integrity": "sha1-eiSFBanpq+zDUrLasxPRdoXFGt8=",
      "requires": {
        "fbjs": "0.2.1"
      }
    },
    "whatwg-fetch": {
      "version": "0.9.0",
      "resolved": "https://registry.npmjs.org/whatwg-fetch/-/whatwg-fetch-0.9.0.tgz",
      "integrity": "sha1-DjaExsuZlbQ+/J3wPkw2XZX9nMA="
    }
  }
}
